# @generated by Move, please check-in and do not edit manually.

[move]
version = 3
manifest_digest = "1F029B38FDCB6F3EF93473FB447602D623FA7F75F49DB42CF53AA47333F7B573"
deps_digest = "F8BBB0CCB2491CA29A3DF03D6F92277A4F3574266507ACD77214D37ECA3F3082"
dependencies = [
  { id = "Sui", name = "Sui" },
]

[[move.package]]
id = "MoveStdlib"
source = { git = "https://github.com/MystenLabs/sui.git", rev = "framework/testnet", subdir = "crates/sui-framework/packages/move-stdlib" }

[[move.package]]
id = "Sui"
source = { git = "https://github.com/MystenLabs/sui.git", rev = "framework/testnet", subdir = "crates/sui-framework/packages/sui-framework" }

dependencies = [
  { id = "MoveStdlib", name = "MoveStdlib" },
]

[move.toolchain-version]
compiler-version = "1.42.2"
edition = "2024.beta"
flavor = "sui"

[env]

[env.localnet]
chain-id = "7c7ae1d0"
original-published-id = "0x99a26c6c92e54e975dfbb4f35dab6f2661f1c82702af50e8f015dca57f8cde57"
latest-published-id = "0x99a26c6c92e54e975dfbb4f35dab6f2661f1c82702af50e8f015dca57f8cde57"
published-version = "1"
